{
  "dependencies": {
    "@notionhq/client": "2.2.15",
    "windmill-client": "1.441.0"
  }
}
//bun.lockb
IyEvdXNyL2Jpbi9lbnYgYnVuCmJ1bi1sb2NrZmlsZS1mb3JtYXQtdjAKAgAAAPJ+wNJy4F4VpMt0XgZSui7UAYlSi3hEnCnQpUS91dnHFhgAAAAAAAAQAAAAAAAAAAgAAAAAAAAACAAAAAAAAACAAAAAAAAAAFAQAAAAAAAAAAAAAAAAAAAAABAAAAAPAACAAAAAABAAAIC3AAAACgAAgP0AAAAKAACAQwEAABIAAIB0cjQ2AAAAAKYAAAARAACAHgIAAAsAAIBiAgAADAAAgBUCAAAJAACA+AIAAAoAAIBtaW1lLWRiAOkCAAAPAACAvAMAAA4AAIBhc3luY2tpdAAAAAAAAAAAmQ1nY/ePqP+9E9Xic9TJMJD2paC6HQOCERnFlxjQONakKt6LdUkpSjpm4diZtYRDi1OVgWxqfQqRL1qNJrU9OQlvPMbqUZq7j5lHaPIbqi8vAZOXXsth9MPFpPH9xqVuT3cqnzXRr/4UeH4bJKDgnM6tZTKjLb6KAQAAAAAAAAAAAAAAAAAAAAAAAAAAAAAAAAAAAAAAAAAAAAAAAAAAAAAAAAAAAAAAAAAAAAAAAAAAAAAAAAAAAAIAAAAAAAAAHwAAAEgAAIABAAAAuQEAAAAAAAAAAAAAAAAAAAAAAAAAAAAAAAAAAAAAAAAAAAAAAAAAAAAAAAACAAAAAAAAAGcAAAA/AACAAgAAAAIAAAAPAAAAAAAAAAAAAAAAAAAAAAAAAAAAAAAAAAAAAAAAAAAAAAAAAAAAAgAAAAAAAADBAAAAPAAAgAIAAAAHAAAAAAAAAAAAAAAAAAAAAAAAAAAAAAAAAAAAAAAAAAAAAAAAAAAAAAAAAAIAAAAAAAAABwEAADwAAIAFAAAAAAAAAAAAAAAAAAAAAAAAAAAAAAAAAAAAAAAAAAAAAAAAAAAAAAAAAAAAAAACAAAAAAAAAFUBAABMAACAAwAAAAAAAAABAAAAAAAAAAAAAAAAAAAAAAAAAAAAAAAAAAAAAAAAAAAAAAAAAAAAAgAAAAAAAAChAQAAMAAAgAAAAAAAAAAAAwAAAAAAAAAAAAAAAAAAAAAAAAAAAAAAAAAAAAAAAAAAAAAAAAAAAAIAAAAAAAAA0QEAAEQAAIACAAAABgAAAAwAAAAAAAAAAAAAAAAAAAAAAAAAAAAAAAAAAAAAAAAAAAAAAAAAAAACAAAAAAAAACkCAAA5AACAFgAAAAoAAAACAAAAAAAAAAAAAAAAAAAAAAAAAAAAAAAAAAAAAAAAAAAAAAAAAAAAAgAAAAAAAABuAgAAQQAAgAYAAAAUAAAAAAAAAAAAAAAAAAAAAAAAAAAAAAAAAAAAAAAAAAAAAAAAAAAAAAAAAAIAAAAAAAAArwIAADoAAIAEAAAAAAAAAAEAAAAAAAAAAAAAAAAAAAAAAAAAAAAAAAAAAAAAAAAAAAAAAAAAAAACAAAAAAAAAAIDAAA9AACAAgAAAAEAAAAjAAAAAAAAAAAAAAAAAAAAAAAAAAAAAAAAAAAAAAAAAAAAAAAAAAAAAgAAAAAAAAA/AwAANwAAgAEAAAA0AAAAAAAAAAAAAAAAAAAAAAAAAAAAAAAAAAAAAAAAAAAAAAAAAAAAAAAAAAIAAAAAAAAAdgMAAEYAAIABAAAAAAAAAAgAAAAAAAAAAAAAAAAAAAAAAAAAAAAAAAAAAAAAAAAAAAAAAAAAAAACAAAAAAAAAMoDAABEAACAAQAAAAAAAAAAAAAAAAAAAAAAAAAAAAAAAAAAAAAAAAAAAAAAAAAAAAAAAAAAAAAAAgAAAAAAAAAOBAAAOAAAgAAAAAAEAAAAAAAAAAAAAAAAAAAAAAAAAAAAAAAAAAAAAAAAAAAAAAAAAAAAAAAAAAAAAAACAAAAAgAAAAAAAAACAAAAAgAAAAQAAAACAAAABgAAAAIAAAAIAAAAAAAAAAgAAAAAAAAACAAAAAIAAAAKAAAAAQAAAAsAAAAAAAAACwAAAAMAAAAOAAAAAQAAAA8AAAAAAAAADwAAAAEAAAAQAAAAAAAAABAAAAAAAAAAAAAAAAIAAAACAAAAAAAAAAIAAAACAAAABAAAAAIAAAAGAAAAAgAAAAgAAAAAAAAACAAAAAAAAAAIAAAAAgAAAAoAAAABAAAACwAAAAAAAAALAAAAAwAAAA4AAAABAAAADwAAAAAAAAAPAAAAAQAAABAAAAAAAAAAEAAAAAAAAAAAAP4P/gEAAAAAAAAAAAAAAAAAAAAAAAAAAAAAAAAAAAAAAAAAAAAAAAAAAAAAAAAAAAAAAAAAAAAAAAAAAAAAAAAAAAAAAAAAAAAAAAAAAAAAAAAAAQAAAQD+D/4BAAABAAAAAAAAAAAAAAAEmOlWZTLsp9cvOia5bd4+qHytpg/jKqa9xqY92e0d8VMKiezmi8dF0isAhKYMUIIQ0ONc3efbB4gFodeHQ4h54AEAAAEA/g/+AQAAAgAAAAAAAAAAAAAABF4XUmP+AdQ9+LUnKPxiDjfttxjI2kvUts7M3KmJDB6PEXFiJ8phei9cfhpOxJh3a0sTRb2tljPKK4QuAcEAsIMBAAABAP4P/gEAAAMAAAAAAAAAAAAAAARzgVF9Sb91txZntT7VarQDALIUv7ee3ZsTDTnB/FLP4NalayK2CZKBibLZ1B1bIoLXr3gQs+oyz9jNRI2jMu3wAQAAAQD+D/4BAAAEAAAAAAAAAAAAAAAEsaE57nupxk6v3HY35+jzBwYa0rKSy0XR8JSxZPwgLr7ys0IBzhGviA1/TUGJLmSVqs8pb9AnvICXEuOHLprYTwEAAAEA/g/+AQAABQAAAAAAAAAAAAAABNiQJ98/AEeq4yvEpvKK0QtIf23Jfw6i+7UT3RmeCNQo3RfhGjC5mMQR8l7ii/OPXrnDxYbwaMTLH5Xzm/JMWnkBAAABAP4P/gEAAAYAAAAAAAAAAAAAAAQ3dYyy6pXrqVPfQKtc1sSPHgYTCWjDe/quviYJy/qmud/CFLTWuSDIV2M80Fh31uvsuldXX4SaHTV8eerYZ2CvAQAAAQD+D/4BAAAHAAAAAAAAAAAAAAAE8nneRWKCg3rMtF69nLQJnOYUcbafYeFSjqkw3jCRLsqkWFlHaoQrr5mXmofFGOx3DKn7UfmBMyov8ySvLRVldAEAAAEA/g/+AQAACAAAAAAAAAAAAAAABF8a+gQUQgDkIsb6JzsntfcJ88g4lLU3qpXTjpo9wpHm5aJ23HANdjxcJbn70Xa6Y18ap5lGnolORDgPu7OXYlEBAAABAP4P/gEAAAkAAAAAAAAAAAAAAAQ3LpBnY2O7bS/DVJEd7d32NW7qAn7h7f4wymq7umoTkdPpaxNKVx774ZCYrlRdLybNXwNJgetAf5et/aNVy4o2AQAAAQD+D/4BAAAKAAAAAAAAAAAAAAAEtzN8e4TX8+kkxGPK8D5u0FNmjPUjw3lwC9lSLxxoB/+GtsJG91CO8bSWy73APlgAZzZbXEYZJuxjkHH2w+EzhwEAAAEA/g/+AQAACwAAAAAAAAAAAAAABGQ2Pmz5uc00xfmKQqwFPZytFICAmD09ELU9TWVhb+LPvkzZHIFWk9IOvuEdriODI0I88rBwdc8bli+dIc2nl4sBAAABAP4P/gEAAAwAAAAAAAAAAAAAAASw9Ti5Xt1iW+1YnHDDEcPQ+6KFU2ITtPIBtDlJbEMIH2ZRi86CuhA7BhBA4o8nwIhsT7URNWU6grVQLadTeBi+AQAAAQD+D/4BAAANAAAAAAAAAAAAAAAEFQN4MRfuJeHf7cBbBMJFXhKSDq+2kAArBlmRBvcvFE5BB1HZKXtSFASDhdlz9zOYwxh8lDdnvmMOe/+5cdoEdgEAAAEA/g/+AQAADgAAAAAAAAAAAAAABGckg+zX/dWiwdEcS+ChqyhwV5exHbNQwJhHXKFWsF5yw+0g4aTYLbiCNmgJIO2u0EuNY8T0mde6eFXRpzB5NzEBAAABAP4P/gEAAA8AAAAAAAAAAAAAAAQ56L04fi1GHRipTcbGFfv10z+bBWC9tklpI1pGT5uyGSPRLlx8dyBhqSt4GOsfBq1cpvP4igh1gvGsqKbYyNbRAQAAAAAAAAAAAAAAAAAAAAAAAAAAAAAAAAAAAAAAAAAAAAAAAAAAAAAAAAAAAAAAAAAAAAAAAAAAAAAAAAAAAAAAAAAAAAAAAAAAAAAAAAAAAAAAAAAAAAAAAAAAAAAAAAAAAAAAAAAAAAAAAAAAAAAAAAAAAAAAAAAAAAAAAAAAAAAAAAAAAAAAAAAAAAAAAAAAAAAAAAAAAAAAAAAAAAAAAAAAAAAAAAAAAAAAAAAAAAAAAAAAAAAAAAAAAAAAAAAAAAAAAAAAAAAAAAAAAAAAAAAAAAAAAAAAAAAAAAAAAAAAAAAAAAAAAAAAAAAAAAAAAAAAAAAAAAAAAAAAAAAAAAAAAAAAAAAAAAAAAAAAAAAAAAAAAAAAAAAAAAAAAAAAAAAAAAAAAAAAAAAAAAAAAAAAAAAAAAAAAAAAAAAAAAAAAAAAAAAAAAAAAAAAAAAAAAAAAAAAAAAAAAAAAAAAAAAAAAAAAAAAAAAAAAAAAAABAAAAAAAAAAAAAAAAAAAAAAAAAAAAAAAAAAAAAAAAAAAAAAAAAAAAAAAAAAAAAAAAAAAAAAAAAAAAAAAAAAAAAAAAAAAAAAAAAAAAAAAAAAAAAAAAAAAAAAAAAAAAAAAAAAAAAAAAAAAAAAAAAAAAAAAAAAAAAAAAAAAAAAAAAAAAAAAAAAAAAAAAAAAAAAAAAAAAAAAAAAAAAAAAAAAAAAAAAAAAAAAAAAAAAAAAAAAAAAAAAAAAAAAAAAAAAAAAAAAAAAAAAAAAAAAAAAAAAAAAAAAAAAAAAAAAAAAAAAAAAAAAAAAAAAAAAAAAAAAAAAAAAAAAAAAAAAAAAAAAAAAAAAAAAAAAAAAAAAAAAAAAAAAAAAAAAAAAAAAAAAAAAAAAAAAAAAAAAAAAAAAAAAAAAAAAAAAAAAAAAAAAAAAAAAAAAAAAAAAAAAAAAAAAAAAAAAAAAAAAAAAAAAAAAAAAAAAAAAAAAAAAAAAAAAAAAAAAAAAAAAAAAAAAAAAAAAAAAAAAAAAAAAAAAAAAAAAAAAAAAAAAAAAAAAAAAAAAAAAAAAAAAAAAAAAAAAAAAAAAAAAAAAAAAAAAAAAAAAAAAAAAAAAAAAAAAAAAAAAAAAAAAAAAAAAAAAAAAAAAAAAAAAAAAAAAAAAAAAAAAAAAAAAAAAAAAAAAAAAAAAAAAAAAAAAAAAAAAAAAAAAAAAAAAAAAAAAAAAAAAAAAAAAAAAAAAAAAAAAAAAAAAAAAAAAAAAAAAAAAAAAAAAAAAAAAAAAAAAAAAAAAAAAAAAAAAAAAAAAAAAAAAAAAAAAAAAAAAAAAAAAAAAAAAAAAAAAAAAAAAAAAAAAAAAAAAAAAAAAAAAAAAAAAAAAAAAAAAAAAAAAAAAAAAAAAAAAAAAAAAAAAAAAAAAAAAAAAAAAAAAAAAAAAAAAAAAAAAAAAAAAAAAAAAAAAAAAAAAAAAAAAAAAAAAAAAAAAAAAAmBAAAAAAAACsEAAAAAAAAAo8c3JjLmluc3RhbGwubG9ja2ZpbGUuVHJlZT4gMjAgc2l6ZW9mLCA0IGFsaWdub2YKAAAAAAAAAAAAAP7/////////AAAAAA8AAADYEAAAAAAAABQRAAAAAAAACjx1MzI+IDQgc2l6ZW9mLCA0IGFsaWdub2YKAAAAAAABAAAAAgAAAAMAAAAIAAAACQAAAAQAAAALAAAADAAAAA0AAAAKAAAABgAAAAcAAAAPAAAADgAAAEARAAAAAAAAgBEAAAAAAAAKPHUzMj4gNCBzaXplb2YsIDQgYWxpZ25vZgoAAgAAAAEAAAAHAAAAAwAAAAQAAAD/////BgAAAAUAAAAKAAAACAAAAAkAAAAPAAAADQAAAAsAAAAMAAAADgAAALARAAAAAAAAUBMAAAAAAAAKPFsyNl11OD4gMjYgc2l6ZW9mLCAxIGFsaWdub2YKAAAAAAAQAACAvRPV4nPUyTACATIuMi4xNQAAEAAAAA8AAICZDWdj94+o/wIBMS40NDEuMACmAAAAEQAAgItTlYFsan0KAgFeMi41LjEwALcAAAAKAACAkPaloLodA4ICAV4yLjYuMQAA/QAAAAoAAIARGcWXGNA41gIBXjUuMC4wAABlbmNvZGluZ4SNlVTghZG5FAFeMC4xLjAAAHRyNDYAAAAAOmbh2Jm1hEMCAX4wLjAuMwAAQwEAABIAAICkKt6LdUkpSgIBXjMuMC4wAAAVAgAACQAAgI+ZR2jyG6ovAgFeNC4wLjAAAB4CAAALAACAkS9ajSa1PTkCASoAAAAAAAAAYgIAAAwAAIAJbzzG6lGauwIBfjYuMjAuMABhc3luY2tpdM6tZTKjLb6KAgFeMC40LjAAAOkCAAAPAACAT3cqnzXRr/4CAV4xLjAuOAAA+AIAAAoAAIAvAZOXXsth9AIBXjIuMS4xMgBtaW1lLWRiAMPFpPH9xqVuAgExLjUyLjAAALwDAAAOAACAFHh+GySg4JwCAX4xLjAuMAAAmhMAAAAAAACaEwAAAAAAAAo8c3JjLmluc3RhbGwuc2VtdmVyLkV4dGVybmFsU3RyaW5nPiAxNiBzaXplb2YsIDggYWxpZ25vZgrIEwAAAAAAAA4YAAAAAAAACjx1OD4gMSBzaXplb2YsIDEgYWxpZ25vZgoAAAAAQG5vdGlvbmhxL2NsaWVudHdpbmRtaWxsLWNsaWVudGh0dHBzOi8vcmVnaXN0cnkubnBtanMub3JnL3dpbmRtaWxsLWNsaWVudC8tL3dpbmRtaWxsLWNsaWVudC0xLjQ0MS4wLnRnemh0dHBzOi8vcmVnaXN0cnkubnBtanMub3JnL0Bub3Rpb25ocS9jbGllbnQvLS9jbGllbnQtMi4yLjE1LnRnekB0eXBlcy9ub2RlLWZldGNobm9kZS1mZXRjaGh0dHBzOi8vcmVnaXN0cnkubnBtanMub3JnL25vZGUtZmV0Y2gvLS9ub2RlLWZldGNoLTIuNy4wLnRnendoYXR3Zy11cmxodHRwczovL3JlZ2lzdHJ5Lm5wbWpzLm9yZy93aGF0d2ctdXJsLy0vd2hhdHdnLXVybC01LjAuMC50Z3p3ZWJpZGwtY29udmVyc2lvbnNodHRwczovL3JlZ2lzdHJ5Lm5wbWpzLm9yZy93ZWJpZGwtY29udmVyc2lvbnMvLS93ZWJpZGwtY29udmVyc2lvbnMtMy4wLjEudGd6aHR0cHM6Ly9yZWdpc3RyeS5ucG1qcy5vcmcvdHI0Ni8tL3RyNDYtMC4wLjMudGd6aHR0cHM6Ly9yZWdpc3RyeS5ucG1qcy5vcmcvQHR5cGVzL25vZGUtZmV0Y2gvLS9ub2RlLWZldGNoLTIuNi4xMi50Z3pmb3JtLWRhdGFAdHlwZXMvbm9kZWh0dHBzOi8vcmVnaXN0cnkubnBtanMub3JnL0B0eXBlcy9ub2RlLy0vbm9kZS0yMi4xMC4yLnRnenVuZGljaS10eXBlc2h0dHBzOi8vcmVnaXN0cnkubnBtanMub3JnL3VuZGljaS10eXBlcy8tL3VuZGljaS10eXBlcy02LjIwLjAudGd6aHR0cHM6Ly9yZWdpc3RyeS5ucG1qcy5vcmcvZm9ybS1kYXRhLy0vZm9ybS1kYXRhLTQuMC4xLnRnemNvbWJpbmVkLXN0cmVhbW1pbWUtdHlwZXNodHRwczovL3JlZ2lzdHJ5Lm5wbWpzLm9yZy9taW1lLXR5cGVzLy0vbWltZS10eXBlcy0yLjEuMzUudGd6aHR0cHM6Ly9yZWdpc3RyeS5ucG1qcy5vcmcvbWltZS1kYi8tL21pbWUtZGItMS41Mi4wLnRnemh0dHBzOi8vcmVnaXN0cnkubnBtanMub3JnL2NvbWJpbmVkLXN0cmVhbS8tL2NvbWJpbmVkLXN0cmVhbS0xLjAuOC50Z3pkZWxheWVkLXN0cmVhbWh0dHBzOi8vcmVnaXN0cnkubnBtanMub3JnL2RlbGF5ZWQtc3RyZWFtLy0vZGVsYXllZC1zdHJlYW0tMS4wLjAudGd6aHR0cHM6Ly9yZWdpc3RyeS5ucG1qcy5vcmcvYXN5bmNraXQvLS9hc3luY2tpdC0wLjQuMC50Z3oAAAAAAAAAAAAAAAAAAAAAAAAAAAAAAAAAAAAAAAAAAAAAAAAAAAAAAAAAAAAAAAAAAAAAAAAAAAAAAAAAAAAAAAAAAAAAAAAAAAAAAAAAAAAAAAAAAAAAAAAAAAAAAAAAAAAAAAAAAAAAAAAAAAAAAAAAAAAAAAAAAAAAAAAAAAAAAAAAAAAAAAAAAAAAAAAAAAAAAAAAAA==