{
  "name": "meridian",
  "lockfileVersion": 3,
  "requires": true,
  "packages": {
    "": {
      "dependencies": {
        "@rynfar/meridian-plugin-pi-scrub": "^0.2.0"
      }
    },
    "node_modules/@rynfar/meridian-plugin-pi-scrub": {
      "version": "0.2.0",
      "resolved": "https://registry.npmjs.org/@rynfar/meridian-plugin-pi-scrub/-/meridian-plugin-pi-scrub-0.2.0.tgz",
      "integrity": "sha512-W17ZOD4WaYBbwpAiRNsoE0dLAySfKQgUifLI8BYrM/YGBWibEh4QQ0/VkEHHHgPB4DkcvbE/Ui3VtZCsUc2fRw==",
      "license": "MIT",
      "peerDependencies": {
        "@rynfar/meridian": "*"
      },
      "peerDependenciesMeta": {
        "@rynfar/meridian": {
          "optional": true
        }
      }
    }
  }
}
